
Microsoft Visual Studio Solution File, Format Version 12.00
# Visual Studio 14
VisualStudioVersion = 14.0.25123.0
MinimumVisualStudioVersion = 10.0.40219.1
Project("{9A19103F-16F7-4668-BE54-9A1E7A4F7556}") = "Av.API", "Av.API\Av.API.csproj", "{DD179E8A-726A-4AE8-875B-9FBC3D84BAF7}"
EndProject
Project("{FAE04EC0-301F-11D3-BF4B-00C04F79EFBC}") = "Av.UI", "Av.UI\Av.UI.csproj", "{F2F61A6C-8B5C-433B-9F7E-579E08853208}"
EndProject
Project("{2150E333-8FDC-42A3-9474-1A3956D46DE8}") = "Samples", "Samples", "{071E207F-3E4C-43E4-8360-E72D84B48BAA}"
EndProject
Project("{FAE04EC0-301F-11D3-BF4B-00C04F79EFBC}") = "VolumeChart", "Samples\VolumeChart\VolumeChart.csproj", "{E578086F-2340-4A60-AA06-A33ED436414A}"
EndProject
Project("{FAE04EC0-301F-11D3-BF4B-00C04F79EFBC}") = "MultipleStockVolumeChart", "Samples\MultipleStockVolumeChart\MultipleStockVolumeChart.csproj", "{4DD011D9-DB08-46F8-B953-CB4BADE22E74}"
EndProject
Project("{FAE04EC0-301F-11D3-BF4B-00C04F79EFBC}") = "CAC40Performance", "Samples\CAC40Performance\CAC40Performance.csproj", "{187CBDE1-E0D4-42E7-BD19-1652419A81CC}"
EndProject
Project("{FAE04EC0-301F-11D3-BF4B-00C04F79EFBC}") = "Av.CLI", "Samples\Av.CLI\Av.CLI.csproj", "{8E226539-5846-4FD3-9D89-FFA85336A20D}"
EndProject
Global
	GlobalSection(SolutionConfigurationPlatforms) = preSolution
		Debug|Any CPU = Debug|Any CPU
		Release|Any CPU = Release|Any CPU
	EndGlobalSection
	GlobalSection(ProjectConfigurationPlatforms) = postSolution
		{DD179E8A-726A-4AE8-875B-9FBC3D84BAF7}.Debug|Any CPU.ActiveCfg = Debug|Any CPU
		{DD179E8A-726A-4AE8-875B-9FBC3D84BAF7}.Debug|Any CPU.Build.0 = Debug|Any CPU
		{DD179E8A-726A-4AE8-875B-9FBC3D84BAF7}.Release|Any CPU.ActiveCfg = Release|Any CPU
		{DD179E8A-726A-4AE8-875B-9FBC3D84BAF7}.Release|Any CPU.Build.0 = Release|Any CPU
		{F2F61A6C-8B5C-433B-9F7E-579E08853208}.Debug|Any CPU.ActiveCfg = Debug|Any CPU
		{F2F61A6C-8B5C-433B-9F7E-579E08853208}.Debug|Any CPU.Build.0 = Debug|Any CPU
		{F2F61A6C-8B5C-433B-9F7E-579E08853208}.Release|Any CPU.ActiveCfg = Release|Any CPU
		{F2F61A6C-8B5C-433B-9F7E-579E08853208}.Release|Any CPU.Build.0 = Release|Any CPU
		{E578086F-2340-4A60-AA06-A33ED436414A}.Debug|Any CPU.ActiveCfg = Debug|Any CPU
		{E578086F-2340-4A60-AA06-A33ED436414A}.Debug|Any CPU.Build.0 = Debug|Any CPU
		{E578086F-2340-4A60-AA06-A33ED436414A}.Release|Any CPU.ActiveCfg = Release|Any CPU
		{E578086F-2340-4A60-AA06-A33ED436414A}.Release|Any CPU.Build.0 = Release|Any CPU
		{4DD011D9-DB08-46F8-B953-CB4BADE22E74}.Debug|Any CPU.ActiveCfg = Debug|Any CPU
		{4DD011D9-DB08-46F8-B953-CB4BADE22E74}.Debug|Any CPU.Build.0 = Debug|Any CPU
		{4DD011D9-DB08-46F8-B953-CB4BADE22E74}.Release|Any CPU.ActiveCfg = Release|Any CPU
		{4DD011D9-DB08-46F8-B953-CB4BADE22E74}.Release|Any CPU.Build.0 = Release|Any CPU
		{187CBDE1-E0D4-42E7-BD19-1652419A81CC}.Debug|Any CPU.ActiveCfg = Debug|Any CPU
		{187CBDE1-E0D4-42E7-BD19-1652419A81CC}.Debug|Any CPU.Build.0 = Debug|Any CPU
		{187CBDE1-E0D4-42E7-BD19-1652419A81CC}.Release|Any CPU.ActiveCfg = Release|Any CPU
		{187CBDE1-E0D4-42E7-BD19-1652419A81CC}.Release|Any CPU.Build.0 = Release|Any CPU
		{8E226539-5846-4FD3-9D89-FFA85336A20D}.Debug|Any CPU.ActiveCfg = Debug|Any CPU
		{8E226539-5846-4FD3-9D89-FFA85336A20D}.Debug|Any CPU.Build.0 = Debug|Any CPU
		{8E226539-5846-4FD3-9D89-FFA85336A20D}.Release|Any CPU.ActiveCfg = Release|Any CPU
		{8E226539-5846-4FD3-9D89-FFA85336A20D}.Release|Any CPU.Build.0 = Release|Any CPU
	EndGlobalSection
	GlobalSection(SolutionProperties) = preSolution
		HideSolutionNode = FALSE
	EndGlobalSection
	GlobalSection(NestedProjects) = preSolution
		{E578086F-2340-4A60-AA06-A33ED436414A} = {071E207F-3E4C-43E4-8360-E72D84B48BAA}
		{4DD011D9-DB08-46F8-B953-CB4BADE22E74} = {071E207F-3E4C-43E4-8360-E72D84B48BAA}
		{187CBDE1-E0D4-42E7-BD19-1652419A81CC} = {071E207F-3E4C-43E4-8360-E72D84B48BAA}
		{8E226539-5846-4FD3-9D89-FFA85336A20D} = {071E207F-3E4C-43E4-8360-E72D84B48BAA}
	EndGlobalSection
	GlobalSection(ExtensibilityGlobals) = postSolution
		SolutionGuid = {13857122-E7C1-400F-A5C5-41406B6C394D}
	EndGlobalSection
EndGlobal
